// !$*UTF8*$!
{
	archiveVersion = 1;
	classes = {
	};
	objectVersion = 56;
	objects = {

/* Begin PBXBuildFile section */
		63E692A42C55376400B38894 /* AppDelegate.swift in Sources */ = {isa = PBXBuildFile; fileRef = 63E692A32C55376400B38894 /* AppDelegate.swift */; };
		63E692A62C55376400B38894 /* SceneDelegate.swift in Sources */ = {isa = PBXBuildFile; fileRef = 63E692A52C55376400B38894 /* SceneDelegate.swift */; };
		63E692A82C55376400B38894 /* ViewController.swift in Sources */ = {isa = PBXBuildFile; fileRef = 63E692A72C55376400B38894 /* ViewController.swift */; };
		63E692AB2C55376400B38894 /* Base in Resources */ = {isa = PBXBuildFile; fileRef = 63E692AA2C55376400B38894 /* Base */; };
		63E692AD2C55376600B38894 /* Assets.xcassets in Resources */ = {isa = PBXBuildFile; fileRef = 63E692AC2C55376600B38894 /* Assets.xcassets */; };
		63E692B02C55376600B38894 /* Base in Resources */ = {isa = PBXBuildFile; fileRef = 63E692AF2C55376600B38894 /* Base */; };
		63E692BB2C55376600B38894 /* StarlingBankTests.swift in Sources */ = {isa = PBXBuildFile; fileRef = 63E692BA2C55376600B38894 /* StarlingBankTests.swift */; };
		63E692C52C55376600B38894 /* StarlingBankUITests.swift in Sources */ = {isa = PBXBuildFile; fileRef = 63E692C42C55376600B38894 /* StarlingBankUITests.swift */; };
		63E692C72C55376600B38894 /* StarlingBankUITestsLaunchTests.swift in Sources */ = {isa = PBXBuildFile; fileRef = 63E692C62C55376600B38894 /* StarlingBankUITestsLaunchTests.swift */; };
		63E692D92C5538D900B38894 /* SBDependencyContainer in Resources */ = {isa = PBXBuildFile; fileRef = 63E692D42C5538D900B38894 /* SBDependencyContainer */; };
		63E692DA2C5538D900B38894 /* SBAccounts in Resources */ = {isa = PBXBuildFile; fileRef = 63E692D52C5538D900B38894 /* SBAccounts */; };
		63E692DB2C5538D900B38894 /* SBNetwork in Resources */ = {isa = PBXBuildFile; fileRef = 63E692D62C5538D900B38894 /* SBNetwork */; };
		63E692DC2C5538D900B38894 /* SBTransactions in Resources */ = {isa = PBXBuildFile; fileRef = 63E692D72C5538D900B38894 /* SBTransactions */; };
		63E692DD2C5538D900B38894 /* SBSavingsGoals in Resources */ = {isa = PBXBuildFile; fileRef = 63E692D82C5538D900B38894 /* SBSavingsGoals */; };
/* End PBXBuildFile section */

/* Begin PBXContainerItemProxy section */
		63E692B72C55376600B38894 /* PBXContainerItemProxy */ = {
			isa = PBXContainerItemProxy;
			containerPortal = 63E692982C55376400B38894 /* Project object */;
			proxyType = 1;
			remoteGlobalIDString = 63E6929F2C55376400B38894;
			remoteInfo = StarlingBank;
		};
		63E692C12C55376600B38894 /* PBXContainerItemProxy */ = {
			isa = PBXContainerItemProxy;
			containerPortal = 63E692982C55376400B38894 /* Project object */;
			proxyType = 1;
			remoteGlobalIDString = 63E6929F2C55376400B38894;
			remoteInfo = StarlingBank;
		};
/* End PBXContainerItemProxy section */

/* Begin PBXFileReference section */
		63E692A02C55376400B38894 /* StarlingBank.app */ = {isa = PBXFileReference; explicitFileType = wrapper.application; includeInIndex = 0; path = StarlingBank.app; sourceTree = BUILT_PRODUCTS_DIR; };
		63E692A32C55376400B38894 /* AppDelegate.swift */ = {isa = PBXFileReference; lastKnownFileType = sourcecode.swift; path = AppDelegate.swift; sourceTree = "<group>"; };
		63E692A52C55376400B38894 /* SceneDelegate.swift */ = {isa = PBXFileReference; lastKnownFileType = sourcecode.swift; path = SceneDelegate.swift; sourceTree = "<group>"; };
		63E692A72C55376400B38894 /* ViewController.swift */ = {isa = PBXFileReference; lastKnownFileType = sourcecode.swift; path = ViewController.swift; sourceTree = "<group>"; };
		63E692AA2C55376400B38894 /* Base */ = {isa = PBXFileReference; lastKnownFileType = file.storyboard; name = Base; path = Base.lproj/Main.storyboard; sourceTree = "<group>"; };
		63E692AC2C55376600B38894 /* Assets.xcassets */ = {isa = PBXFileReference; lastKnownFileType = folder.assetcatalog; path = Assets.xcassets; sourceTree = "<group>"; };
		63E692AF2C55376600B38894 /* Base */ = {isa = PBXFileReference; lastKnownFileType = file.storyboard; name = Base; path = Base.lproj/LaunchScreen.storyboard; sourceTree = "<group>"; };
		63E692B12C55376600B38894 /* Info.plist */ = {isa = PBXFileReference; lastKnownFileType = text.plist.xml; path = Info.plist; sourceTree = "<group>"; };
		63E692B62C55376600B38894 /* StarlingBankTests.xctest */ = {isa = PBXFileReference; explicitFileType = wrapper.cfbundle; includeInIndex = 0; path = StarlingBankTests.xctest; sourceTree = BUILT_PRODUCTS_DIR; };
		63E692BA2C55376600B38894 /* StarlingBankTests.swift */ = {isa = PBXFileReference; lastKnownFileType = sourcecode.swift; path = StarlingBankTests.swift; sourceTree = "<group>"; };
		63E692C02C55376600B38894 /* StarlingBankUITests.xctest */ = {isa = PBXFileReference; explicitFileType = wrapper.cfbundle; includeInIndex = 0; path = StarlingBankUITests.xctest; sourceTree = BUILT_PRODUCTS_DIR; };
		63E692C42C55376600B38894 /* StarlingBankUITests.swift */ = {isa = PBXFileReference; lastKnownFileType = sourcecode.swift; path = StarlingBankUITests.swift; sourceTree = "<group>"; };
		63E692C62C55376600B38894 /* StarlingBankUITestsLaunchTests.swift */ = {isa = PBXFileReference; lastKnownFileType = sourcecode.swift; path = StarlingBankUITestsLaunchTests.swift; sourceTree = "<group>"; };
		63E692D42C5538D900B38894 /* SBDependencyContainer */ = {isa = PBXFileReference; lastKnownFileType = wrapper; path = SBDependencyContainer; sourceTree = "<group>"; };
		63E692D52C5538D900B38894 /* SBAccounts */ = {isa = PBXFileReference; lastKnownFileType = wrapper; path = SBAccounts; sourceTree = "<group>"; };
		63E692D62C5538D900B38894 /* SBNetwork */ = {isa = PBXFileReference; lastKnownFileType = wrapper; path = SBNetwork; sourceTree = "<group>"; };
		63E692D72C5538D900B38894 /* SBTransactions */ = {isa = PBXFileReference; lastKnownFileType = wrapper; path = SBTransactions; sourceTree = "<group>"; };
		63E692D82C5538D900B38894 /* SBSavingsGoals */ = {isa = PBXFileReference; lastKnownFileType = wrapper; path = SBSavingsGoals; sourceTree = "<group>"; };
/* End PBXFileReference section */

/* Begin PBXFrameworksBuildPhase section */
		63E6929D2C55376400B38894 /* Frameworks */ = {
			isa = PBXFrameworksBuildPhase;
			buildActionMask = 2147483647;
			files = (
			);
			runOnlyForDeploymentPostprocessing = 0;
		};
		63E692B32C55376600B38894 /* Frameworks */ = {
			isa = PBXFrameworksBuildPhase;
			buildActionMask = 2147483647;
			files = (
			);
			runOnlyForDeploymentPostprocessing = 0;
		};
		63E692BD2C55376600B38894 /* Frameworks */ = {
			isa = PBXFrameworksBuildPhase;
			buildActionMask = 2147483647;
			files = (
			);
			runOnlyForDeploymentPostprocessing = 0;
		};
/* End PBXFrameworksBuildPhase section */

/* Begin PBXGroup section */
		63E692972C55376400B38894 = {
			isa = PBXGroup;
			children = (
				63E692D32C55389800B38894 /* Packages */,
				63E692A22C55376400B38894 /* StarlingBank */,
				63E692B92C55376600B38894 /* StarlingBankTests */,
				63E692C32C55376600B38894 /* StarlingBankUITests */,
				63E692A12C55376400B38894 /* Products */,
			);
			sourceTree = "<group>";
		};
		63E692A12C55376400B38894 /* Products */ = {
			isa = PBXGroup;
			children = (
				63E692A02C55376400B38894 /* StarlingBank.app */,
				63E692B62C55376600B38894 /* StarlingBankTests.xctest */,
				63E692C02C55376600B38894 /* StarlingBankUITests.xctest */,
			);
			name = Products;
			sourceTree = "<group>";
		};
		63E692A22C55376400B38894 /* StarlingBank */ = {
			isa = PBXGroup;
			children = (
				63E692A32C55376400B38894 /* AppDelegate.swift */,
				63E692A52C55376400B38894 /* SceneDelegate.swift */,
				63E692A72C55376400B38894 /* ViewController.swift */,
				63E692A92C55376400B38894 /* Main.storyboard */,
				63E692AC2C55376600B38894 /* Assets.xcassets */,
				63E692AE2C55376600B38894 /* LaunchScreen.storyboard */,
				63E692B12C55376600B38894 /* Info.plist */,
			);
			path = StarlingBank;
			sourceTree = "<group>";
		};
		63E692B92C55376600B38894 /* StarlingBankTests */ = {
			isa = PBXGroup;
			children = (
				63E692BA2C55376600B38894 /* StarlingBankTests.swift */,
			);
			path = StarlingBankTests;
			sourceTree = "<group>";
		};
		63E692C32C55376600B38894 /* StarlingBankUITests */ = {
			isa = PBXGroup;
			children = (
				63E692C42C55376600B38894 /* StarlingBankUITests.swift */,
				63E692C62C55376600B38894 /* StarlingBankUITestsLaunchTests.swift */,
			);
			path = StarlingBankUITests;
			sourceTree = "<group>";
		};
		63E692D32C55389800B38894 /* Packages */ = {
			isa = PBXGroup;
			children = (
				63E692D52C5538D900B38894 /* SBAccounts */,
				63E692D42C5538D900B38894 /* SBDependencyContainer */,
				63E692D62C5538D900B38894 /* SBNetwork */,
				63E692D82C5538D900B38894 /* SBSavingsGoals */,
				63E692D72C5538D900B38894 /* SBTransactions */,
			);
			path = Packages;
			sourceTree = "<group>";
		};
/* End PBXGroup section */

/* Begin PBXNativeTarget section */
		63E6929F2C55376400B38894 /* StarlingBank */ = {
			isa = PBXNativeTarget;
			buildConfigurationList = 63E692CA2C55376600B38894 /* Build configuration list for PBXNativeTarget "StarlingBank" */;
			buildPhases = (
				63E6929C2C55376400B38894 /* Sources */,
				63E6929D2C55376400B38894 /* Frameworks */,
				63E6929E2C55376400B38894 /* Resources */,
			);
			buildRules = (
			);
			dependencies = (
			);
			name = StarlingBank;
			productName = StarlingBank;
			productReference = 63E692A02C55376400B38894 /* StarlingBank.app */;
			productType = "com.apple.product-type.application";
		};
		63E692B52C55376600B38894 /* StarlingBankTests */ = {
			isa = PBXNativeTarget;
			buildConfigurationList = 63E692CD2C55376600B38894 /* Build configuration list for PBXNativeTarget "StarlingBankTests" */;
			buildPhases = (
				63E692B22C55376600B38894 /* Sources */,
				63E692B32C55376600B38894 /* Frameworks */,
				63E692B42C55376600B38894 /* Resources */,
			);
			buildRules = (
			);
			dependencies = (
				63E692B82C55376600B38894 /* PBXTargetDependency */,
			);
			name = StarlingBankTests;
			productName = StarlingBankTests;
			productReference = 63E692B62C55376600B38894 /* StarlingBankTests.xctest */;
			productType = "com.apple.product-type.bundle.unit-test";
		};
		63E692BF2C55376600B38894 /* StarlingBankUITests */ = {
			isa = PBXNativeTarget;
			buildConfigurationList = 63E692D02C55376600B38894 /* Build configuration list for PBXNativeTarget "StarlingBankUITests" */;
			buildPhases = (
				63E692BC2C55376600B38894 /* Sources */,
				63E692BD2C55376600B38894 /* Frameworks */,
				63E692BE2C55376600B38894 /* Resources */,
			);
			buildRules = (
			);
			dependencies = (
				63E692C22C55376600B38894 /* PBXTargetDependency */,
			);
			name = StarlingBankUITests;
			productName = StarlingBankUITests;
			productReference = 63E692C02C55376600B38894 /* StarlingBankUITests.xctest */;
			productType = "com.apple.product-type.bundle.ui-testing";
		};
/* End PBXNativeTarget section */

/* Begin PBXProject section */
		63E692982C55376400B38894 /* Project object */ = {
			isa = PBXProject;
			attributes = {
				BuildIndependentTargetsInParallel = 1;
				LastSwiftUpdateCheck = 1540;
				LastUpgradeCheck = 1540;
				TargetAttributes = {
					63E6929F2C55376400B38894 = {
						CreatedOnToolsVersion = 15.4;
					};
					63E692B52C55376600B38894 = {
						CreatedOnToolsVersion = 15.4;
						TestTargetID = 63E6929F2C55376400B38894;
					};
					63E692BF2C55376600B38894 = {
						CreatedOnToolsVersion = 15.4;
						TestTargetID = 63E6929F2C55376400B38894;
					};
				};
			};
			buildConfigurationList = 63E6929B2C55376400B38894 /* Build configuration list for PBXProject "StarlingBank" */;
			compatibilityVersion = "Xcode 14.0";
			developmentRegion = en;
			hasScannedForEncodings = 0;
			knownRegions = (
				en,
				Base,
			);
			mainGroup = 63E692972C55376400B38894;
			productRefGroup = 63E692A12C55376400B38894 /* Products */;
			projectDirPath = "";
			projectRoot = "";
			targets = (
				63E6929F2C55376400B38894 /* StarlingBank */,
				63E692B52C55376600B38894 /* StarlingBankTests */,
				63E692BF2C55376600B38894 /* StarlingBankUITests */,
			);
		};
/* End PBXProject section */

/* Begin PBXResourcesBuildPhase section */
		63E6929E2C55376400B38894 /* Resources */ = {
			isa = PBXResourcesBuildPhase;
			buildActionMask = 2147483647;
			files = (
				63E692D92C5538D900B38894 /* SBDependencyContainer in Resources */,
				63E692AD2C55376600B38894 /* Assets.xcassets in Resources */,
				63E692DC2C5538D900B38894 /* SBTransactions in Resources */,
				63E692B02C55376600B38894 /* Base in Resources */,
				63E692DD2C5538D900B38894 /* SBSavingsGoals in Resources */,
				63E692DA2C5538D900B38894 /* SBAccounts in Resources */,
				63E692DB2C5538D900B38894 /* SBNetwork in Resources */,
				63E692AB2C55376400B38894 /* Base in Resources */,
			);
			runOnlyForDeploymentPostprocessing = 0;
		};
		63E692B42C55376600B38894 /* Resources */ = {
			isa = PBXResourcesBuildPhase;
			buildActionMask = 2147483647;
			files = (
			);
			runOnlyForDeploymentPostprocessing = 0;
		};
		63E692BE2C55376600B38894 /* Resources */ = {
			isa = PBXResourcesBuildPhase;
			buildActionMask = 2147483647;
			files = (
			);
			runOnlyForDeploymentPostprocessing = 0;
		};
/* End PBXResourcesBuildPhase section */

/* Begin PBXSourcesBuildPhase section */
		63E6929C2C55376400B38894 /* Sources */ = {
			isa = PBXSourcesBuildPhase;
			buildActionMask = 2147483647;
			files = (
				63E692A82C55376400B38894 /* ViewController.swift in Sources */,
				63E692A42C55376400B38894 /* AppDelegate.swift in Sources */,
				63E692A62C55376400B38894 /* SceneDelegate.swift in Sources */,
			);
			runOnlyForDeploymentPostprocessing = 0;
		};
		63E692B22C55376600B38894 /* Sources */ = {
			isa = PBXSourcesBuildPhase;
			buildActionMask = 2147483647;
			files = (
				63E692BB2C55376600B38894 /* StarlingBankTests.swift in Sources */,
			);
			runOnlyForDeploymentPostprocessing = 0;
		};
		63E692BC2C55376600B38894 /* Sources */ = {
			isa = PBXSourcesBuildPhase;
			buildActionMask = 2147483647;
			files = (
				63E692C72C55376600B38894 /* StarlingBankUITestsLaunchTests.swift in Sources */,
				63E692C52C55376600B38894 /* StarlingBankUITests.swift in Sources */,
			);
			runOnlyForDeploymentPostprocessing = 0;
		};
/* End PBXSourcesBuildPhase section */

/* Begin PBXTargetDependency section */
		63E692B82C55376600B38894 /* PBXTargetDependency */ = {
			isa = PBXTargetDependency;
			target = 63E6929F2C55376400B38894 /* StarlingBank */;
			targetProxy = 63E692B72C55376600B38894 /* PBXContainerItemProxy */;
		};
		63E692C22C55376600B38894 /* PBXTargetDependency */ = {
			isa = PBXTargetDependency;
			target = 63E6929F2C55376400B38894 /* StarlingBank */;
			targetProxy = 63E692C12C55376600B38894 /* PBXContainerItemProxy */;
		};
/* End PBXTargetDependency section */

/* Begin PBXVariantGroup section */
		63E692A92C55376400B38894 /* Main.storyboard */ = {
			isa = PBXVariantGroup;
			children = (
				63E692AA2C55376400B38894 /* Base */,
			);
			name = Main.storyboard;
			sourceTree = "<group>";
		};
		63E692AE2C55376600B38894 /* LaunchScreen.storyboard */ = {
			isa = PBXVariantGroup;
			children = (
				63E692AF2C55376600B38894 /* Base */,
			);
			name = LaunchScreen.storyboard;
			sourceTree = "<group>";
		};
/* End PBXVariantGroup section */

/* Begin XCBuildConfiguration section */
		63E692C82C55376600B38894 /* Debug */ = {
			isa = XCBuildConfiguration;
			buildSettings = {
				ALWAYS_SEARCH_USER_PATHS = NO;
				ASSETCATALOG_COMPILER_GENERATE_SWIFT_ASSET_SYMBOL_EXTENSIONS = YES;
				CLANG_ANALYZER_NONNULL = YES;
				CLANG_ANALYZER_NUMBER_OBJECT_CONVERSION = YES_AGGRESSIVE;
				CLANG_CXX_LANGUAGE_STANDARD = "gnu++20";
				CLANG_ENABLE_MODULES = YES;
				CLANG_ENABLE_OBJC_ARC = YES;
				CLANG_ENABLE_OBJC_WEAK = YES;
				CLANG_WARN_BLOCK_CAPTURE_AUTORELEASING = YES;
				CLANG_WARN_BOOL_CONVERSION = YES;
				CLANG_WARN_COMMA = YES;
				CLANG_WARN_CONSTANT_CONVERSION = YES;
				CLANG_WARN_DEPRECATED_OBJC_IMPLEMENTATIONS = YES;
				CLANG_WARN_DIRECT_OBJC_ISA_USAGE = YES_ERROR;
				CLANG_WARN_DOCUMENTATION_COMMENTS = YES;
				CLANG_WARN_EMPTY_BODY = YES;
				CLANG_WARN_ENUM_CONVERSION = YES;
				CLANG_WARN_INFINITE_RECURSION = YES;
				CLANG_WARN_INT_CONVERSION = YES;
				CLANG_WARN_NON_LITERAL_NULL_CONVERSION = YES;
				CLANG_WARN_OBJC_IMPLICIT_RETAIN_SELF = YES;
				CLANG_WARN_OBJC_LITERAL_CONVERSION = YES;
				CLANG_WARN_OBJC_ROOT_CLASS = YES_ERROR;
				CLANG_WARN_QUOTED_INCLUDE_IN_FRAMEWORK_HEADER = YES;
				CLANG_WARN_RANGE_LOOP_ANALYSIS = YES;
				CLANG_WARN_STRICT_PROTOTYPES = YES;
				CLANG_WARN_SUSPICIOUS_MOVE = YES;
				CLANG_WARN_UNGUARDED_AVAILABILITY = YES_AGGRESSIVE;
				CLANG_WARN_UNREACHABLE_CODE = YES;
				CLANG_WARN__DUPLICATE_METHOD_MATCH = YES;
				COPY_PHASE_STRIP = NO;
				DEBUG_INFORMATION_FORMAT = dwarf;
				ENABLE_STRICT_OBJC_MSGSEND = YES;
				ENABLE_TESTABILITY = YES;
				ENABLE_USER_SCRIPT_SANDBOXING = YES;
				GCC_C_LANGUAGE_STANDARD = gnu17;
				GCC_DYNAMIC_NO_PIC = NO;
				GCC_NO_COMMON_BLOCKS = YES;
				GCC_OPTIMIZATION_LEVEL = 0;
				GCC_PREPROCESSOR_DEFINITIONS = (
					"DEBUG=1",
					"$(inherited)",
				);
				GCC_WARN_64_TO_32_BIT_CONVERSION = YES;
				GCC_WARN_ABOUT_RETURN_TYPE = YES_ERROR;
				GCC_WARN_UNDECLARED_SELECTOR = YES;
				GCC_WARN_UNINITIALIZED_AUTOS = YES_AGGRESSIVE;
				GCC_WARN_UNUSED_FUNCTION = YES;
				GCC_WARN_UNUSED_VARIABLE = YES;
				IPHONEOS_DEPLOYMENT_TARGET = 15.0;
				LOCALIZATION_PREFERS_STRING_CATALOGS = YES;
				MTL_ENABLE_DEBUG_INFO = INCLUDE_SOURCE;
				MTL_FAST_MATH = YES;
				ONLY_ACTIVE_ARCH = YES;
				SDKROOT = iphoneos;
				SWIFT_ACTIVE_COMPILATION_CONDITIONS = "DEBUG $(inherited)";
				SWIFT_OPTIMIZATION_LEVEL = "-Onone";
			};
			name = Debug;
		};
		63E692C92C55376600B38894 /* Release */ = {
			isa = XCBuildConfiguration;
			buildSettings = {
				ALWAYS_SEARCH_USER_PATHS = NO;
				ASSETCATALOG_COMPILER_GENERATE_SWIFT_ASSET_SYMBOL_EXTENSIONS = YES;
				CLANG_ANALYZER_NONNULL = YES;
				CLANG_ANALYZER_NUMBER_OBJECT_CONVERSION = YES_AGGRESSIVE;
				CLANG_CXX_LANGUAGE_STANDARD = "gnu++20";
				CLANG_ENABLE_MODULES = YES;
				CLANG_ENABLE_OBJC_ARC = YES;
				CLANG_ENABLE_OBJC_WEAK = YES;
				CLANG_WARN_BLOCK_CAPTURE_AUTORELEASING = YES;
				CLANG_WARN_BOOL_CONVERSION = YES;
				CLANG_WARN_COMMA = YES;
				CLANG_WARN_CONSTANT_CONVERSION = YES;
				CLANG_WARN_DEPRECATED_OBJC_IMPLEMENTATIONS = YES;
				CLANG_WARN_DIRECT_OBJC_ISA_USAGE = YES_ERROR;
				CLANG_WARN_DOCUMENTATION_COMMENTS = YES;
				CLANG_WARN_EMPTY_BODY = YES;
				CLANG_WARN_ENUM_CONVERSION = YES;
				CLANG_WARN_INFINITE_RECURSION = YES;
				CLANG_WARN_INT_CONVERSION = YES;
				CLANG_WARN_NON_LITERAL_NULL_CONVERSION = YES;
				CLANG_WARN_OBJC_IMPLICIT_RETAIN_SELF = YES;
				CLANG_WARN_OBJC_LITERAL_CONVERSION = YES;
				CLANG_WARN_OBJC_ROOT_CLASS = YES_ERROR;
				CLANG_WARN_QUOTED_INCLUDE_IN_FRAMEWORK_HEADER = YES;
				CLANG_WARN_RANGE_LOOP_ANALYSIS = YES;
				CLANG_WARN_STRICT_PROTOTYPES = YES;
				CLANG_WARN_SUSPICIOUS_MOVE = YES;
				CLANG_WARN_UNGUARDED_AVAILABILITY = YES_AGGRESSIVE;
				CLANG_WARN_UNREACHABLE_CODE = YES;
				CLANG_WARN__DUPLICATE_METHOD_MATCH = YES;
				COPY_PHASE_STRIP = NO;
				DEBUG_INFORMATION_FORMAT = "dwarf-with-dsym";
				ENABLE_NS_ASSERTIONS = NO;
				ENABLE_STRICT_OBJC_MSGSEND = YES;
				ENABLE_USER_SCRIPT_SANDBOXING = YES;
				GCC_C_LANGUAGE_STANDARD = gnu17;
				GCC_NO_COMMON_BLOCKS = YES;
				GCC_WARN_64_TO_32_BIT_CONVERSION = YES;
				GCC_WARN_ABOUT_RETURN_TYPE = YES_ERROR;
				GCC_WARN_UNDECLARED_SELECTOR = YES;
				GCC_WARN_UNINITIALIZED_AUTOS = YES_AGGRESSIVE;
				GCC_WARN_UNUSED_FUNCTION = YES;
				GCC_WARN_UNUSED_VARIABLE = YES;
				IPHONEOS_DEPLOYMENT_TARGET = 15.0;
				LOCALIZATION_PREFERS_STRING_CATALOGS = YES;
				MTL_ENABLE_DEBUG_INFO = NO;
				MTL_FAST_MATH = YES;
				SDKROOT = iphoneos;
				SWIFT_COMPILATION_MODE = wholemodule;
				VALIDATE_PRODUCT = YES;
			};
			name = Release;
		};
		63E692CB2C55376600B38894 /* Debug */ = {
			isa = XCBuildConfiguration;
			buildSettings = {
				ASSETCATALOG_COMPILER_APPICON_NAME = AppIcon;
				ASSETCATALOG_COMPILER_GLOBAL_ACCENT_COLOR_NAME = AccentColor;
				CODE_SIGN_STYLE = Automatic;
				CURRENT_PROJECT_VERSION = 1;
				GENERATE_INFOPLIST_FILE = YES;
				INFOPLIST_FILE = StarlingBank/Info.plist;
				INFOPLIST_KEY_UIApplicationSupportsIndirectInputEvents = YES;
				INFOPLIST_KEY_UILaunchStoryboardName = LaunchScreen;
				INFOPLIST_KEY_UIMainStoryboardFile = Main;
				INFOPLIST_KEY_UISupportedInterfaceOrientations_iPad = "UIInterfaceOrientationPortrait UIInterfaceOrientationPortraitUpsideDown UIInterfaceOrientationLandscapeLeft UIInterfaceOrientationLandscapeRight";
				INFOPLIST_KEY_UISupportedInterfaceOrientations_iPhone = "UIInterfaceOrientationPortrait UIInterfaceOrientationLandscapeLeft UIInterfaceOrientationLandscapeRight";
				IPHONEOS_DEPLOYMENT_TARGET = 15.0;
				LD_RUNPATH_SEARCH_PATHS = (
					"$(inherited)",
					"@executable_path/Frameworks",
				);
				MARKETING_VERSION = 1.0;
				PRODUCT_BUNDLE_IDENTIFIER = com.tusk.StarlingBank;
				PRODUCT_NAME = "$(TARGET_NAME)";
				SWIFT_EMIT_LOC_STRINGS = YES;
				SWIFT_VERSION = 5.0;
				TARGETED_DEVICE_FAMILY = "1,2";
			};
			name = Debug;
		};
		63E692CC2C55376600B38894 /* Release */ = {
			isa = XCBuildConfiguration;
			buildSettings = {
				ASSETCATALOG_COMPILER_APPICON_NAME = AppIcon;
				ASSETCATALOG_COMPILER_GLOBAL_ACCENT_COLOR_NAME = AccentColor;
				CODE_SIGN_STYLE = Automatic;
				CURRENT_PROJECT_VERSION = 1;
				GENERATE_INFOPLIST_FILE = YES;
				INFOPLIST_FILE = StarlingBank/Info.plist;
				INFOPLIST_KEY_UIApplicationSupportsIndirectInputEvents = YES;
				INFOPLIST_KEY_UILaunchStoryboardName = LaunchScreen;
				INFOPLIST_KEY_UIMainStoryboardFile = Main;
				INFOPLIST_KEY_UISupportedInterfaceOrientations_iPad = "UIInterfaceOrientationPortrait UIInterfaceOrientationPortraitUpsideDown UIInterfaceOrientationLandscapeLeft UIInterfaceOrientationLandscapeRight";
				INFOPLIST_KEY_UISupportedInterfaceOrientations_iPhone = "UIInterfaceOrientationPortrait UIInterfaceOrientationLandscapeLeft UIInterfaceOrientationLandscapeRight";
				IPHONEOS_DEPLOYMENT_TARGET = 15.0;
				LD_RUNPATH_SEARCH_PATHS = (
					"$(inherited)",
					"@executable_path/Frameworks",
				);
				MARKETING_VERSION = 1.0;
				PRODUCT_BUNDLE_IDENTIFIER = com.tusk.StarlingBank;
				PRODUCT_NAME = "$(TARGET_NAME)";
				SWIFT_EMIT_LOC_STRINGS = YES;
				SWIFT_VERSION = 5.0;
				TARGETED_DEVICE_FAMILY = "1,2";
			};
			name = Release;
		};
		63E692CE2C55376600B38894 /* Debug */ = {
			isa = XCBuildConfiguration;
			buildSettings = {
				ALWAYS_EMBED_SWIFT_STANDARD_LIBRARIES = YES;
				BUNDLE_LOADER = "$(TEST_HOST)";
				CODE_SIGN_STYLE = Automatic;
				CURRENT_PROJECT_VERSION = 1;
				GENERATE_INFOPLIST_FILE = YES;
				IPHONEOS_DEPLOYMENT_TARGET = 15.0;
				MARKETING_VERSION = 1.0;
				PRODUCT_BUNDLE_IDENTIFIER = com.tusk.StarlingBankTests;
				PRODUCT_NAME = "$(TARGET_NAME)";
				SWIFT_EMIT_LOC_STRINGS = NO;
				SWIFT_VERSION = 5.0;
				TARGETED_DEVICE_FAMILY = "1,2";
				TEST_HOST = "$(BUILT_PRODUCTS_DIR)/StarlingBank.app/$(BUNDLE_EXECUTABLE_FOLDER_PATH)/StarlingBank";
			};
			name = Debug;
		};
		63E692CF2C55376600B38894 /* Release */ = {
			isa = XCBuildConfiguration;
			buildSettings = {
				ALWAYS_EMBED_SWIFT_STANDARD_LIBRARIES = YES;
				BUNDLE_LOADER = "$(TEST_HOST)";
				CODE_SIGN_STYLE = Automatic;
				CURRENT_PROJECT_VERSION = 1;
				GENERATE_INFOPLIST_FILE = YES;
				IPHONEOS_DEPLOYMENT_TARGET = 15.0;
				MARKETING_VERSION = 1.0;
				PRODUCT_BUNDLE_IDENTIFIER = com.tusk.StarlingBankTests;
				PRODUCT_NAME = "$(TARGET_NAME)";
				SWIFT_EMIT_LOC_STRINGS = NO;
				SWIFT_VERSION = 5.0;
				TARGETED_DEVICE_FAMILY = "1,2";
				TEST_HOST = "$(BUILT_PRODUCTS_DIR)/StarlingBank.app/$(BUNDLE_EXECUTABLE_FOLDER_PATH)/StarlingBank";
			};
			name = Release;
		};
		63E692D12C55376600B38894 /* Debug */ = {
			isa = XCBuildConfiguration;
			buildSettings = {
				ALWAYS_EMBED_SWIFT_STANDARD_LIBRARIES = YES;
				CODE_SIGN_STYLE = Automatic;
				CURRENT_PROJECT_VERSION = 1;
				GENERATE_INFOPLIST_FILE = YES;
				MARKETING_VERSION = 1.0;
				PRODUCT_BUNDLE_IDENTIFIER = com.tusk.StarlingBankUITests;
				PRODUCT_NAME = "$(TARGET_NAME)";
				SWIFT_EMIT_LOC_STRINGS = NO;
				SWIFT_VERSION = 5.0;
				TARGETED_DEVICE_FAMILY = "1,2";
				TEST_TARGET_NAME = StarlingBank;
			};
			name = Debug;
		};
		63E692D22C55376600B38894 /* Release */ = {
			isa = XCBuildConfiguration;
			buildSettings = {
				ALWAYS_EMBED_SWIFT_STANDARD_LIBRARIES = YES;
				CODE_SIGN_STYLE = Automatic;
				CURRENT_PROJECT_VERSION = 1;
				GENERATE_INFOPLIST_FILE = YES;
				MARKETING_VERSION = 1.0;
				PRODUCT_BUNDLE_IDENTIFIER = com.tusk.StarlingBankUITests;
				PRODUCT_NAME = "$(TARGET_NAME)";
				SWIFT_EMIT_LOC_STRINGS = NO;
				SWIFT_VERSION = 5.0;
				TARGETED_DEVICE_FAMILY = "1,2";
				TEST_TARGET_NAME = StarlingBank;
			};
			name = Release;
		};
/* End XCBuildConfiguration section */

/* Begin XCConfigurationList section */
		63E6929B2C55376400B38894 /* Build configuration list for PBXProject "StarlingBank" */ = {
			isa = XCConfigurationList;
			buildConfigurations = (
				63E692C82C55376600B38894 /* Debug */,
				63E692C92C55376600B38894 /* Release */,
			);
			defaultConfigurationIsVisible = 0;
			defaultConfigurationName = Release;
		};
		63E692CA2C55376600B38894 /* Build configuration list for PBXNativeTarget "StarlingBank" */ = {
			isa = XCConfigurationList;
			buildConfigurations = (
				63E692CB2C55376600B38894 /* Debug */,
				63E692CC2C55376600B38894 /* Release */,
			);
			defaultConfigurationIsVisible = 0;
			defaultConfigurationName = Release;
		};
		63E692CD2C55376600B38894 /* Build configuration list for PBXNativeTarget "StarlingBankTests" */ = {
			isa = XCConfigurationList;
			buildConfigurations = (
				63E692CE2C55376600B38894 /* Debug */,
				63E692CF2C55376600B38894 /* Release */,
			);
			defaultConfigurationIsVisible = 0;
			defaultConfigurationName = Release;
		};
		63E692D02C55376600B38894 /* Build configuration list for PBXNativeTarget "StarlingBankUITests" */ = {
			isa = XCConfigurationList;
			buildConfigurations = (
				63E692D12C55376600B38894 /* Debug */,
				63E692D22C55376600B38894 /* Release */,
			);
			defaultConfigurationIsVisible = 0;
			defaultConfigurationName = Release;
		};
/* End XCConfigurationList section */
	};
	rootObject = 63E692982C55376400B38894 /* Project object */;
}
